
Microsoft Visual Studio Solution File, Format Version 12.00
# Visual Studio Version 16
VisualStudioVersion = 16.0.29318.209
MinimumVisualStudioVersion = 10.0.40219.1
Project("{9A19103F-16F7-4668-BE54-9A1E7A4F7556}") = "database-servermodule", "database-servermodule\database-servermodule.csproj", "{2862E69F-E74A-44EC-858D-1326D7CAE475}"
EndProject
Project("{9A19103F-16F7-4668-BE54-9A1E7A4F7556}") = "custom-message-based-implementation", "..\..\utility-netmq-protocol\src\protocol\custom-message-based-implementation\custom-message-based-implementation.csproj", "{F4870ECE-AC3C-4F82-B2F3-BE99DE0222D3}"
EndProject
Project("{9A19103F-16F7-4668-BE54-9A1E7A4F7556}") = "message-based-communication", "..\..\utility-netmq-protocol\src\protocol\message-based-communication\message-based-communication.csproj", "{50B0A083-5A33-4ACF-8135-A265ABE8E1AF}"
EndProject
Global
	GlobalSection(SolutionConfigurationPlatforms) = preSolution
		Debug|Any CPU = Debug|Any CPU
		Release|Any CPU = Release|Any CPU
	EndGlobalSection
	GlobalSection(ProjectConfigurationPlatforms) = postSolution
		{2862E69F-E74A-44EC-858D-1326D7CAE475}.Debug|Any CPU.ActiveCfg = Debug|Any CPU
		{2862E69F-E74A-44EC-858D-1326D7CAE475}.Debug|Any CPU.Build.0 = Debug|Any CPU
		{2862E69F-E74A-44EC-858D-1326D7CAE475}.Release|Any CPU.ActiveCfg = Release|Any CPU
		{2862E69F-E74A-44EC-858D-1326D7CAE475}.Release|Any CPU.Build.0 = Release|Any CPU
		{F4870ECE-AC3C-4F82-B2F3-BE99DE0222D3}.Debug|Any CPU.ActiveCfg = Debug|Any CPU
		{F4870ECE-AC3C-4F82-B2F3-BE99DE0222D3}.Debug|Any CPU.Build.0 = Debug|Any CPU
		{F4870ECE-AC3C-4F82-B2F3-BE99DE0222D3}.Release|Any CPU.ActiveCfg = Release|Any CPU
		{F4870ECE-AC3C-4F82-B2F3-BE99DE0222D3}.Release|Any CPU.Build.0 = Release|Any CPU
		{50B0A083-5A33-4ACF-8135-A265ABE8E1AF}.Debug|Any CPU.ActiveCfg = Debug|Any CPU
		{50B0A083-5A33-4ACF-8135-A265ABE8E1AF}.Debug|Any CPU.Build.0 = Debug|Any CPU
		{50B0A083-5A33-4ACF-8135-A265ABE8E1AF}.Release|Any CPU.ActiveCfg = Release|Any CPU
		{50B0A083-5A33-4ACF-8135-A265ABE8E1AF}.Release|Any CPU.Build.0 = Release|Any CPU
	EndGlobalSection
	GlobalSection(SolutionProperties) = preSolution
		HideSolutionNode = FALSE
	EndGlobalSection
	GlobalSection(ExtensibilityGlobals) = postSolution
		SolutionGuid = {A96792D5-E730-4451-A41B-EA6B2E54A5E6}
	EndGlobalSection
EndGlobal
